
Microsoft Visual Studio Solution File, Format Version 12.00
# Visual Studio Version 17
VisualStudioVersion = 17.8.34511.84
MinimumVisualStudioVersion = 10.0.40219.1
Project("{9A19103F-16F7-4668-BE54-9A1E7A4F7556}") = "BlazorServerVirtualize", "BlazorServerNET8Virtualize\BlazorServerVirtualize.csproj", "{5AF1FB14-A57C-4009-8F6B-0E07271DEE7B}"
EndProject
Global
	GlobalSection(SolutionConfigurationPlatforms) = preSolution
		Debug|Any CPU = Debug|Any CPU
		Release|Any CPU = Release|Any CPU
	EndGlobalSection
	GlobalSection(ProjectConfigurationPlatforms) = postSolution
		{5AF1FB14-A57C-4009-8F6B-0E07271DEE7B}.Debug|Any CPU.ActiveCfg = Debug|Any CPU
		{5AF1FB14-A57C-4009-8F6B-0E07271DEE7B}.Debug|Any CPU.Build.0 = Debug|Any CPU
		{5AF1FB14-A57C-4009-8F6B-0E07271DEE7B}.Release|Any CPU.ActiveCfg = Release|Any CPU
		{5AF1FB14-A57C-4009-8F6B-0E07271DEE7B}.Release|Any CPU.Build.0 = Release|Any CPU
	EndGlobalSection
	GlobalSection(SolutionProperties) = preSolution
		HideSolutionNode = FALSE
	EndGlobalSection
	GlobalSection(ExtensibilityGlobals) = postSolution
		SolutionGuid = {88FA5754-C0F6-404C-A343-E14774FF72B3}
	EndGlobalSection
EndGlobal
